
Microsoft Visual Studio Solution File, Format Version 12.00
# Visual Studio Version 17
VisualStudioVersion = 17.9.34701.34
MinimumVisualStudioVersion = 10.0.40219.1
Project("{54A90642-561A-4BB1-A94E-469ADEE60C69}") = "SnakeGame", "SnakeGame\SnakeGame.esproj", "{D6A20AD0-EF03-4AF2-A4E1-DDD84F1E6A3B}"
EndProject
Global
	GlobalSection(SolutionConfigurationPlatforms) = preSolution
		Debug|Any CPU = Debug|Any CPU
		Release|Any CPU = Release|Any CPU
	EndGlobalSection
	GlobalSection(ProjectConfigurationPlatforms) = postSolution
		{D6A20AD0-EF03-4AF2-A4E1-DDD84F1E6A3B}.Debug|Any CPU.ActiveCfg = Debug|Any CPU
		{D6A20AD0-EF03-4AF2-A4E1-DDD84F1E6A3B}.Debug|Any CPU.Build.0 = Debug|Any CPU
		{D6A20AD0-EF03-4AF2-A4E1-DDD84F1E6A3B}.Debug|Any CPU.Deploy.0 = Debug|Any CPU
		{D6A20AD0-EF03-4AF2-A4E1-DDD84F1E6A3B}.Release|Any CPU.ActiveCfg = Release|Any CPU
		{D6A20AD0-EF03-4AF2-A4E1-DDD84F1E6A3B}.Release|Any CPU.Build.0 = Release|Any CPU
		{D6A20AD0-EF03-4AF2-A4E1-DDD84F1E6A3B}.Release|Any CPU.Deploy.0 = Release|Any CPU
	EndGlobalSection
	GlobalSection(SolutionProperties) = preSolution
		HideSolutionNode = FALSE
	EndGlobalSection
	GlobalSection(ExtensibilityGlobals) = postSolution
		SolutionGuid = {53221A73-694A-40EB-80FD-7F9256D69588}
	EndGlobalSection
EndGlobal
